
Microsoft Visual Studio Solution File, Format Version 12.00
# Visual Studio Version 16
VisualStudioVersion = 25.0.1706.7
MinimumVisualStudioVersion = 10.0.40219.1
Project("{FAE04EC0-301F-11D3-BF4B-00C04F79EFBC}") = "TestTimeConsumingOperationWebAPI", "TestTimeConsumingOperationWebAPI\TestTimeConsumingOperationWebAPI.csproj", "{500D81C7-CD07-42F4-A274-E504FB14D8C9}"
EndProject
Global
	GlobalSection(SolutionConfigurationPlatforms) = preSolution
		Debug|Any CPU = Debug|Any CPU
		Release|Any CPU = Release|Any CPU
	EndGlobalSection
	GlobalSection(ProjectConfigurationPlatforms) = postSolution
		{500D81C7-CD07-42F4-A274-E504FB14D8C9}.Debug|Any CPU.ActiveCfg = Debug|Any CPU
		{500D81C7-CD07-42F4-A274-E504FB14D8C9}.Debug|Any CPU.Build.0 = Debug|Any CPU
		{500D81C7-CD07-42F4-A274-E504FB14D8C9}.Release|Any CPU.ActiveCfg = Release|Any CPU
		{500D81C7-CD07-42F4-A274-E504FB14D8C9}.Release|Any CPU.Build.0 = Release|Any CPU
	EndGlobalSection
	GlobalSection(SolutionProperties) = preSolution
		HideSolutionNode = FALSE
	EndGlobalSection
	GlobalSection(ExtensibilityGlobals) = postSolution
		SolutionGuid = {3C500E92-72FB-406D-84CF-52E3DD3A5ADF}
	EndGlobalSection
EndGlobal
